{
  "version": 4,
  "terraform_version": "0.12.23",
  "serial": 13,
  "lineage": "66b92707-4884-b462-265a-bd39d559ba88",
  "outputs": {},
  "resources": [
    {
      "module": "module.s3_bucket",
      "mode": "data",
      "type": "aws_elb_service_account",
      "name": "this",
      "each": "list",
      "provider": "provider.aws",
      "instances": []
    },
    {
      "module": "module.s3_bucket",
      "mode": "data",
      "type": "aws_iam_policy_document",
      "name": "elb_log_delivery",
      "each": "list",
      "provider": "provider.aws",
      "instances": []
    },
    {
      "module": "module.s3_bucket",
      "mode": "managed",
      "type": "aws_s3_bucket",
      "name": "this",
      "each": "list",
      "provider": "provider.aws",
      "instances": [
        {
          "index_key": 0,
          "schema_version": 0,
          "attributes": {
            "acceleration_status": "",
            "acl": "public-read",
            "arn": "arn:aws:s3:::poshjosh-s3-default-site-1587018447",
            "bucket": "poshjosh-s3-default-site-1587018447",
            "bucket_domain_name": "poshjosh-s3-default-site-1587018447.s3.amazonaws.com",
            "bucket_prefix": null,
            "bucket_regional_domain_name": "poshjosh-s3-default-site-1587018447.s3.us-east-2.amazonaws.com",
            "cors_rule": [
              {
                "allowed_headers": [
                  "*"
                ],
                "allowed_methods": [
                  "GET"
                ],
                "allowed_origins": [
                  "*"
                ],
                "expose_headers": [
                  "ETag"
                ],
                "max_age_seconds": 3000
              }
            ],
            "force_destroy": false,
            "grant": [],
            "hosted_zone_id": "Z2O1EMRO9K5GLX",
            "id": "poshjosh-s3-default-site-1587018447",
            "lifecycle_rule": [],
            "logging": [],
            "object_lock_configuration": [],
            "policy": null,
            "region": "us-east-2",
            "replication_configuration": [],
            "request_payer": "BucketOwner",
            "server_side_encryption_configuration": [],
            "tags": {},
            "versioning": [
              {
                "enabled": true,
                "mfa_delete": false
              }
            ],
            "website": [
              {
                "error_document": "404.html",
                "index_document": "index.html",
                "redirect_all_requests_to": "",
                "routing_rules": ""
              }
            ],
            "website_domain": "s3-website.us-east-2.amazonaws.com",
            "website_endpoint": "poshjosh-s3-default-site-1587018447.s3-website.us-east-2.amazonaws.com"
          },
          "private": "bnVsbA=="
        }
      ]
    },
    {
      "module": "module.s3_bucket",
      "mode": "managed",
      "type": "aws_s3_bucket_policy",
      "name": "this",
      "each": "list",
      "provider": "provider.aws",
      "instances": [
        {
          "index_key": 0,
          "schema_version": 0,
          "attributes": {
            "bucket": "poshjosh-s3-default-site-1587018447",
            "id": "poshjosh-s3-default-site-1587018447",
            "policy": "{\n    \"Id\": \"PolicyForPublicWebsiteContent\",\n    \"Version\": \"2012-10-17\",\n    \"Statement\": [\n        {\n            \"Sid\": \"Stmt1587051593500\",\n            \"Action\": [\n                \"s3:GetObject\"\n            ],\n            \"Effect\": \"Allow\",\n            \"Resource\": \"arn:aws:s3:::poshjosh-s3-default-site-1587018447/*\",\n            \"Principal\": \"*\"\n        }\n    ]\n}\n"
          },
          "private": "bnVsbA==",
          "dependencies": [
            "module.s3_bucket.aws_s3_bucket.this"
          ]
        }
      ]
    },
    {
      "module": "module.s3_bucket",
      "mode": "managed",
      "type": "aws_s3_bucket_public_access_block",
      "name": "this",
      "each": "list",
      "provider": "provider.aws",
      "instances": [
        {
          "index_key": 0,
          "schema_version": 0,
          "attributes": {
            "block_public_acls": false,
            "block_public_policy": false,
            "bucket": "poshjosh-s3-default-site-1587018447",
            "id": "poshjosh-s3-default-site-1587018447",
            "ignore_public_acls": false,
            "restrict_public_buckets": false
          },
          "private": "bnVsbA==",
          "dependencies": [
            "module.s3_bucket.aws_s3_bucket.this",
            "module.s3_bucket.aws_s3_bucket_policy.this"
          ]
        }
      ]
    }
  ]
}
